// !$*UTF8*$!
{
	archiveVersion = 1;
	classes = {
	};
	objectVersion = 56;
	objects = {

/* Begin PBXBuildFile section */
		A3B54AC72C73846200BCBCF2 /* AppDelegate.swift in Sources */ = {isa = PBXBuildFile; fileRef = A3B54AC62C73846200BCBCF2 /* AppDelegate.swift */; };
		A3B54AC92C73846200BCBCF2 /* SceneDelegate.swift in Sources */ = {isa = PBXBuildFile; fileRef = A3B54AC82C73846200BCBCF2 /* SceneDelegate.swift */; };
		A3B54ACB2C73846200BCBCF2 /* ViewController.swift in Sources */ = {isa = PBXBuildFile; fileRef = A3B54ACA2C73846200BCBCF2 /* ViewController.swift */; };
		A3B54ACE2C73846200BCBCF2 /* Base in Resources */ = {isa = PBXBuildFile; fileRef = A3B54ACD2C73846200BCBCF2 /* Base */; };
		A3B54AD02C73846300BCBCF2 /* Assets.xcassets in Resources */ = {isa = PBXBuildFile; fileRef = A3B54ACF2C73846300BCBCF2 /* Assets.xcassets */; };
		A3B54AD32C73846300BCBCF2 /* Base in Resources */ = {isa = PBXBuildFile; fileRef = A3B54AD22C73846300BCBCF2 /* Base */; };
		A3B54ADD2C73870C00BCBCF2 /* RobohashView.swift in Sources */ = {isa = PBXBuildFile; fileRef = A3B54ADC2C73870C00BCBCF2 /* RobohashView.swift */; };
		A3B54AE02C73886B00BCBCF2 /* SnapKit in Frameworks */ = {isa = PBXBuildFile; productRef = A3B54ADF2C73886B00BCBCF2 /* SnapKit */; };
		A3B54AE52C738AE500BCBCF2 /* UIView+Spacer.swift in Sources */ = {isa = PBXBuildFile; fileRef = A3B54AE42C738AE500BCBCF2 /* UIView+Spacer.swift */; };
		A3B54AE72C738BE500BCBCF2 /* RobohashCreation.swift in Sources */ = {isa = PBXBuildFile; fileRef = A3B54AE62C738BE500BCBCF2 /* RobohashCreation.swift */; };
		A3B54AEA2C738FCB00BCBCF2 /* RobohashFetcher.swift in Sources */ = {isa = PBXBuildFile; fileRef = A3B54AE92C738FCB00BCBCF2 /* RobohashFetcher.swift */; };
		A3B54AEC2C74D83200BCBCF2 /* UIControl+Combine.swift in Sources */ = {isa = PBXBuildFile; fileRef = A3B54AEB2C74D83200BCBCF2 /* UIControl+Combine.swift */; };
		A3B54AEE2C74E3B200BCBCF2 /* RobohashViewModel.swift in Sources */ = {isa = PBXBuildFile; fileRef = A3B54AED2C74E3B200BCBCF2 /* RobohashViewModel.swift */; };
		A3B54AF02C74E8FF00BCBCF2 /* Publishers+WithLatestFrom.swift in Sources */ = {isa = PBXBuildFile; fileRef = A3B54AEF2C74E8FF00BCBCF2 /* Publishers+WithLatestFrom.swift */; };
		A3B54AF22C7776DC00BCBCF2 /* Publisher+MapVoid.swift in Sources */ = {isa = PBXBuildFile; fileRef = A3B54AF12C7776DC00BCBCF2 /* Publisher+MapVoid.swift */; };
		A3B54AF42C7789DA00BCBCF2 /* Collection+SafeSubscript.swift in Sources */ = {isa = PBXBuildFile; fileRef = A3B54AF32C7789DA00BCBCF2 /* Collection+SafeSubscript.swift */; };
/* End PBXBuildFile section */

/* Begin PBXFileReference section */
		A3B54AC32C73846200BCBCF2 /* RobohashPicker.app */ = {isa = PBXFileReference; explicitFileType = wrapper.application; includeInIndex = 0; path = RobohashPicker.app; sourceTree = BUILT_PRODUCTS_DIR; };
		A3B54AC62C73846200BCBCF2 /* AppDelegate.swift */ = {isa = PBXFileReference; lastKnownFileType = sourcecode.swift; path = AppDelegate.swift; sourceTree = "<group>"; };
		A3B54AC82C73846200BCBCF2 /* SceneDelegate.swift */ = {isa = PBXFileReference; lastKnownFileType = sourcecode.swift; path = SceneDelegate.swift; sourceTree = "<group>"; };
		A3B54ACA2C73846200BCBCF2 /* ViewController.swift */ = {isa = PBXFileReference; lastKnownFileType = sourcecode.swift; path = ViewController.swift; sourceTree = "<group>"; };
		A3B54ACD2C73846200BCBCF2 /* Base */ = {isa = PBXFileReference; lastKnownFileType = file.storyboard; name = Base; path = Base.lproj/Main.storyboard; sourceTree = "<group>"; };
		A3B54ACF2C73846300BCBCF2 /* Assets.xcassets */ = {isa = PBXFileReference; lastKnownFileType = folder.assetcatalog; path = Assets.xcassets; sourceTree = "<group>"; };
		A3B54AD22C73846300BCBCF2 /* Base */ = {isa = PBXFileReference; lastKnownFileType = file.storyboard; name = Base; path = Base.lproj/LaunchScreen.storyboard; sourceTree = "<group>"; };
		A3B54AD42C73846300BCBCF2 /* Info.plist */ = {isa = PBXFileReference; lastKnownFileType = text.plist.xml; path = Info.plist; sourceTree = "<group>"; };
		A3B54ADC2C73870C00BCBCF2 /* RobohashView.swift */ = {isa = PBXFileReference; lastKnownFileType = sourcecode.swift; path = RobohashView.swift; sourceTree = "<group>"; };
		A3B54AE42C738AE500BCBCF2 /* UIView+Spacer.swift */ = {isa = PBXFileReference; lastKnownFileType = sourcecode.swift; path = "UIView+Spacer.swift"; sourceTree = "<group>"; };
		A3B54AE62C738BE500BCBCF2 /* RobohashCreation.swift */ = {isa = PBXFileReference; lastKnownFileType = sourcecode.swift; path = RobohashCreation.swift; sourceTree = "<group>"; };
		A3B54AE92C738FCB00BCBCF2 /* RobohashFetcher.swift */ = {isa = PBXFileReference; lastKnownFileType = sourcecode.swift; path = RobohashFetcher.swift; sourceTree = "<group>"; };
		A3B54AEB2C74D83200BCBCF2 /* UIControl+Combine.swift */ = {isa = PBXFileReference; lastKnownFileType = sourcecode.swift; path = "UIControl+Combine.swift"; sourceTree = "<group>"; };
		A3B54AED2C74E3B200BCBCF2 /* RobohashViewModel.swift */ = {isa = PBXFileReference; lastKnownFileType = sourcecode.swift; path = RobohashViewModel.swift; sourceTree = "<group>"; };
		A3B54AEF2C74E8FF00BCBCF2 /* Publishers+WithLatestFrom.swift */ = {isa = PBXFileReference; lastKnownFileType = sourcecode.swift; path = "Publishers+WithLatestFrom.swift"; sourceTree = "<group>"; };
		A3B54AF12C7776DC00BCBCF2 /* Publisher+MapVoid.swift */ = {isa = PBXFileReference; lastKnownFileType = sourcecode.swift; path = "Publisher+MapVoid.swift"; sourceTree = "<group>"; };
		A3B54AF32C7789DA00BCBCF2 /* Collection+SafeSubscript.swift */ = {isa = PBXFileReference; lastKnownFileType = sourcecode.swift; path = "Collection+SafeSubscript.swift"; sourceTree = "<group>"; };
/* End PBXFileReference section */

/* Begin PBXFrameworksBuildPhase section */
		A3B54AC02C73846200BCBCF2 /* Frameworks */ = {
			isa = PBXFrameworksBuildPhase;
			buildActionMask = 2147483647;
			files = (
				A3B54AE02C73886B00BCBCF2 /* SnapKit in Frameworks */,
			);
			runOnlyForDeploymentPostprocessing = 0;
		};
/* End PBXFrameworksBuildPhase section */

/* Begin PBXGroup section */
		A3B54ABA2C73846200BCBCF2 = {
			isa = PBXGroup;
			children = (
				A3B54AC52C73846200BCBCF2 /* RobohashPicker */,
				A3B54AC42C73846200BCBCF2 /* Products */,
			);
			sourceTree = "<group>";
		};
		A3B54AC42C73846200BCBCF2 /* Products */ = {
			isa = PBXGroup;
			children = (
				A3B54AC32C73846200BCBCF2 /* RobohashPicker.app */,
			);
			name = Products;
			sourceTree = "<group>";
		};
		A3B54AC52C73846200BCBCF2 /* RobohashPicker */ = {
			isa = PBXGroup;
			children = (
				A3B54AC62C73846200BCBCF2 /* AppDelegate.swift */,
				A3B54AC82C73846200BCBCF2 /* SceneDelegate.swift */,
				A3B54ACA2C73846200BCBCF2 /* ViewController.swift */,
				A3B54AED2C74E3B200BCBCF2 /* RobohashViewModel.swift */,
				A3B54AE82C738FBA00BCBCF2 /* Service */,
				A3B54AE32C738ADA00BCBCF2 /* Extensions */,
				A3B54ADB2C7386E700BCBCF2 /* RobohashView */,
				A3B54ACC2C73846200BCBCF2 /* Main.storyboard */,
				A3B54ACF2C73846300BCBCF2 /* Assets.xcassets */,
				A3B54AD12C73846300BCBCF2 /* LaunchScreen.storyboard */,
				A3B54AD42C73846300BCBCF2 /* Info.plist */,
			);
			path = RobohashPicker;
			sourceTree = "<group>";
		};
		A3B54ADB2C7386E700BCBCF2 /* RobohashView */ = {
			isa = PBXGroup;
			children = (
				A3B54ADC2C73870C00BCBCF2 /* RobohashView.swift */,
				A3B54AE62C738BE500BCBCF2 /* RobohashCreation.swift */,
			);
			path = RobohashView;
			sourceTree = "<group>";
		};
		A3B54AE32C738ADA00BCBCF2 /* Extensions */ = {
			isa = PBXGroup;
			children = (
				A3B54AE42C738AE500BCBCF2 /* UIView+Spacer.swift */,
				A3B54AF32C7789DA00BCBCF2 /* Collection+SafeSubscript.swift */,
				A3B54AEB2C74D83200BCBCF2 /* UIControl+Combine.swift */,
				A3B54AEF2C74E8FF00BCBCF2 /* Publishers+WithLatestFrom.swift */,
				A3B54AF12C7776DC00BCBCF2 /* Publisher+MapVoid.swift */,
			);
			path = Extensions;
			sourceTree = "<group>";
		};
		A3B54AE82C738FBA00BCBCF2 /* Service */ = {
			isa = PBXGroup;
			children = (
				A3B54AE92C738FCB00BCBCF2 /* RobohashFetcher.swift */,
			);
			path = Service;
			sourceTree = "<group>";
		};
/* End PBXGroup section */

/* Begin PBXNativeTarget section */
		A3B54AC22C73846200BCBCF2 /* RobohashPicker */ = {
			isa = PBXNativeTarget;
			buildConfigurationList = A3B54AD72C73846300BCBCF2 /* Build configuration list for PBXNativeTarget "RobohashPicker" */;
			buildPhases = (
				A3B54ABF2C73846200BCBCF2 /* Sources */,
				A3B54AC02C73846200BCBCF2 /* Frameworks */,
				A3B54AC12C73846200BCBCF2 /* Resources */,
			);
			buildRules = (
			);
			dependencies = (
			);
			name = RobohashPicker;
			packageProductDependencies = (
				A3B54ADF2C73886B00BCBCF2 /* SnapKit */,
			);
			productName = RobohashPicker;
			productReference = A3B54AC32C73846200BCBCF2 /* RobohashPicker.app */;
			productType = "com.apple.product-type.application";
		};
/* End PBXNativeTarget section */

/* Begin PBXProject section */
		A3B54ABB2C73846200BCBCF2 /* Project object */ = {
			isa = PBXProject;
			attributes = {
				BuildIndependentTargetsInParallel = 1;
				LastSwiftUpdateCheck = 1540;
				LastUpgradeCheck = 1540;
				TargetAttributes = {
					A3B54AC22C73846200BCBCF2 = {
						CreatedOnToolsVersion = 15.4;
					};
				};
			};
			buildConfigurationList = A3B54ABE2C73846200BCBCF2 /* Build configuration list for PBXProject "RobohashPicker" */;
			compatibilityVersion = "Xcode 14.0";
			developmentRegion = en;
			hasScannedForEncodings = 0;
			knownRegions = (
				en,
				Base,
			);
			mainGroup = A3B54ABA2C73846200BCBCF2;
			packageReferences = (
				A3B54ADE2C73886B00BCBCF2 /* XCRemoteSwiftPackageReference "SnapKit" */,
			);
			productRefGroup = A3B54AC42C73846200BCBCF2 /* Products */;
			projectDirPath = "";
			projectRoot = "";
			targets = (
				A3B54AC22C73846200BCBCF2 /* RobohashPicker */,
			);
		};
/* End PBXProject section */

/* Begin PBXResourcesBuildPhase section */
		A3B54AC12C73846200BCBCF2 /* Resources */ = {
			isa = PBXResourcesBuildPhase;
			buildActionMask = 2147483647;
			files = (
				A3B54AD02C73846300BCBCF2 /* Assets.xcassets in Resources */,
				A3B54AD32C73846300BCBCF2 /* Base in Resources */,
				A3B54ACE2C73846200BCBCF2 /* Base in Resources */,
			);
			runOnlyForDeploymentPostprocessing = 0;
		};
/* End PBXResourcesBuildPhase section */

/* Begin PBXSourcesBuildPhase section */
		A3B54ABF2C73846200BCBCF2 /* Sources */ = {
			isa = PBXSourcesBuildPhase;
			buildActionMask = 2147483647;
			files = (
				A3B54AE52C738AE500BCBCF2 /* UIView+Spacer.swift in Sources */,
				A3B54AEC2C74D83200BCBCF2 /* UIControl+Combine.swift in Sources */,
				A3B54ACB2C73846200BCBCF2 /* ViewController.swift in Sources */,
				A3B54AF22C7776DC00BCBCF2 /* Publisher+MapVoid.swift in Sources */,
				A3B54AEE2C74E3B200BCBCF2 /* RobohashViewModel.swift in Sources */,
				A3B54AE72C738BE500BCBCF2 /* RobohashCreation.swift in Sources */,
				A3B54AC72C73846200BCBCF2 /* AppDelegate.swift in Sources */,
				A3B54ADD2C73870C00BCBCF2 /* RobohashView.swift in Sources */,
				A3B54AC92C73846200BCBCF2 /* SceneDelegate.swift in Sources */,
				A3B54AEA2C738FCB00BCBCF2 /* RobohashFetcher.swift in Sources */,
				A3B54AF42C7789DA00BCBCF2 /* Collection+SafeSubscript.swift in Sources */,
				A3B54AF02C74E8FF00BCBCF2 /* Publishers+WithLatestFrom.swift in Sources */,
			);
			runOnlyForDeploymentPostprocessing = 0;
		};
/* End PBXSourcesBuildPhase section */

/* Begin PBXVariantGroup section */
		A3B54ACC2C73846200BCBCF2 /* Main.storyboard */ = {
			isa = PBXVariantGroup;
			children = (
				A3B54ACD2C73846200BCBCF2 /* Base */,
			);
			name = Main.storyboard;
			sourceTree = "<group>";
		};
		A3B54AD12C73846300BCBCF2 /* LaunchScreen.storyboard */ = {
			isa = PBXVariantGroup;
			children = (
				A3B54AD22C73846300BCBCF2 /* Base */,
			);
			name = LaunchScreen.storyboard;
			sourceTree = "<group>";
		};
/* End PBXVariantGroup section */

/* Begin XCBuildConfiguration section */
		A3B54AD52C73846300BCBCF2 /* Debug */ = {
			isa = XCBuildConfiguration;
			buildSettings = {
				ALWAYS_SEARCH_USER_PATHS = NO;
				ASSETCATALOG_COMPILER_GENERATE_SWIFT_ASSET_SYMBOL_EXTENSIONS = YES;
				CLANG_ANALYZER_NONNULL = YES;
				CLANG_ANALYZER_NUMBER_OBJECT_CONVERSION = YES_AGGRESSIVE;
				CLANG_CXX_LANGUAGE_STANDARD = "gnu++20";
				CLANG_ENABLE_MODULES = YES;
				CLANG_ENABLE_OBJC_ARC = YES;
				CLANG_ENABLE_OBJC_WEAK = YES;
				CLANG_WARN_BLOCK_CAPTURE_AUTORELEASING = YES;
				CLANG_WARN_BOOL_CONVERSION = YES;
				CLANG_WARN_COMMA = YES;
				CLANG_WARN_CONSTANT_CONVERSION = YES;
				CLANG_WARN_DEPRECATED_OBJC_IMPLEMENTATIONS = YES;
				CLANG_WARN_DIRECT_OBJC_ISA_USAGE = YES_ERROR;
				CLANG_WARN_DOCUMENTATION_COMMENTS = YES;
				CLANG_WARN_EMPTY_BODY = YES;
				CLANG_WARN_ENUM_CONVERSION = YES;
				CLANG_WARN_INFINITE_RECURSION = YES;
				CLANG_WARN_INT_CONVERSION = YES;
				CLANG_WARN_NON_LITERAL_NULL_CONVERSION = YES;
				CLANG_WARN_OBJC_IMPLICIT_RETAIN_SELF = YES;
				CLANG_WARN_OBJC_LITERAL_CONVERSION = YES;
				CLANG_WARN_OBJC_ROOT_CLASS = YES_ERROR;
				CLANG_WARN_QUOTED_INCLUDE_IN_FRAMEWORK_HEADER = YES;
				CLANG_WARN_RANGE_LOOP_ANALYSIS = YES;
				CLANG_WARN_STRICT_PROTOTYPES = YES;
				CLANG_WARN_SUSPICIOUS_MOVE = YES;
				CLANG_WARN_UNGUARDED_AVAILABILITY = YES_AGGRESSIVE;
				CLANG_WARN_UNREACHABLE_CODE = YES;
				CLANG_WARN__DUPLICATE_METHOD_MATCH = YES;
				COPY_PHASE_STRIP = NO;
				DEBUG_INFORMATION_FORMAT = dwarf;
				ENABLE_STRICT_OBJC_MSGSEND = YES;
				ENABLE_TESTABILITY = YES;
				ENABLE_USER_SCRIPT_SANDBOXING = YES;
				GCC_C_LANGUAGE_STANDARD = gnu17;
				GCC_DYNAMIC_NO_PIC = NO;
				GCC_NO_COMMON_BLOCKS = YES;
				GCC_OPTIMIZATION_LEVEL = 0;
				GCC_PREPROCESSOR_DEFINITIONS = (
					"DEBUG=1",
					"$(inherited)",
				);
				GCC_WARN_64_TO_32_BIT_CONVERSION = YES;
				GCC_WARN_ABOUT_RETURN_TYPE = YES_ERROR;
				GCC_WARN_UNDECLARED_SELECTOR = YES;
				GCC_WARN_UNINITIALIZED_AUTOS = YES_AGGRESSIVE;
				GCC_WARN_UNUSED_FUNCTION = YES;
				GCC_WARN_UNUSED_VARIABLE = YES;
				IPHONEOS_DEPLOYMENT_TARGET = 17.5;
				LOCALIZATION_PREFERS_STRING_CATALOGS = YES;
				MTL_ENABLE_DEBUG_INFO = INCLUDE_SOURCE;
				MTL_FAST_MATH = YES;
				ONLY_ACTIVE_ARCH = YES;
				SDKROOT = iphoneos;
				SWIFT_ACTIVE_COMPILATION_CONDITIONS = "DEBUG $(inherited)";
				SWIFT_OPTIMIZATION_LEVEL = "-Onone";
			};
			name = Debug;
		};
		A3B54AD62C73846300BCBCF2 /* Release */ = {
			isa = XCBuildConfiguration;
			buildSettings = {
				ALWAYS_SEARCH_USER_PATHS = NO;
				ASSETCATALOG_COMPILER_GENERATE_SWIFT_ASSET_SYMBOL_EXTENSIONS = YES;
				CLANG_ANALYZER_NONNULL = YES;
				CLANG_ANALYZER_NUMBER_OBJECT_CONVERSION = YES_AGGRESSIVE;
				CLANG_CXX_LANGUAGE_STANDARD = "gnu++20";
				CLANG_ENABLE_MODULES = YES;
				CLANG_ENABLE_OBJC_ARC = YES;
				CLANG_ENABLE_OBJC_WEAK = YES;
				CLANG_WARN_BLOCK_CAPTURE_AUTORELEASING = YES;
				CLANG_WARN_BOOL_CONVERSION = YES;
				CLANG_WARN_COMMA = YES;
				CLANG_WARN_CONSTANT_CONVERSION = YES;
				CLANG_WARN_DEPRECATED_OBJC_IMPLEMENTATIONS = YES;
				CLANG_WARN_DIRECT_OBJC_ISA_USAGE = YES_ERROR;
				CLANG_WARN_DOCUMENTATION_COMMENTS = YES;
				CLANG_WARN_EMPTY_BODY = YES;
				CLANG_WARN_ENUM_CONVERSION = YES;
				CLANG_WARN_INFINITE_RECURSION = YES;
				CLANG_WARN_INT_CONVERSION = YES;
				CLANG_WARN_NON_LITERAL_NULL_CONVERSION = YES;
				CLANG_WARN_OBJC_IMPLICIT_RETAIN_SELF = YES;
				CLANG_WARN_OBJC_LITERAL_CONVERSION = YES;
				CLANG_WARN_OBJC_ROOT_CLASS = YES_ERROR;
				CLANG_WARN_QUOTED_INCLUDE_IN_FRAMEWORK_HEADER = YES;
				CLANG_WARN_RANGE_LOOP_ANALYSIS = YES;
				CLANG_WARN_STRICT_PROTOTYPES = YES;
				CLANG_WARN_SUSPICIOUS_MOVE = YES;
				CLANG_WARN_UNGUARDED_AVAILABILITY = YES_AGGRESSIVE;
				CLANG_WARN_UNREACHABLE_CODE = YES;
				CLANG_WARN__DUPLICATE_METHOD_MATCH = YES;
				COPY_PHASE_STRIP = NO;
				DEBUG_INFORMATION_FORMAT = "dwarf-with-dsym";
				ENABLE_NS_ASSERTIONS = NO;
				ENABLE_STRICT_OBJC_MSGSEND = YES;
				ENABLE_USER_SCRIPT_SANDBOXING = YES;
				GCC_C_LANGUAGE_STANDARD = gnu17;
				GCC_NO_COMMON_BLOCKS = YES;
				GCC_WARN_64_TO_32_BIT_CONVERSION = YES;
				GCC_WARN_ABOUT_RETURN_TYPE = YES_ERROR;
				GCC_WARN_UNDECLARED_SELECTOR = YES;
				GCC_WARN_UNINITIALIZED_AUTOS = YES_AGGRESSIVE;
				GCC_WARN_UNUSED_FUNCTION = YES;
				GCC_WARN_UNUSED_VARIABLE = YES;
				IPHONEOS_DEPLOYMENT_TARGET = 17.5;
				LOCALIZATION_PREFERS_STRING_CATALOGS = YES;
				MTL_ENABLE_DEBUG_INFO = NO;
				MTL_FAST_MATH = YES;
				SDKROOT = iphoneos;
				SWIFT_COMPILATION_MODE = wholemodule;
				VALIDATE_PRODUCT = YES;
			};
			name = Release;
		};
		A3B54AD82C73846300BCBCF2 /* Debug */ = {
			isa = XCBuildConfiguration;
			buildSettings = {
				ASSETCATALOG_COMPILER_APPICON_NAME = AppIcon;
				ASSETCATALOG_COMPILER_GLOBAL_ACCENT_COLOR_NAME = AccentColor;
				CODE_SIGN_STYLE = Automatic;
				CURRENT_PROJECT_VERSION = 1;
				GENERATE_INFOPLIST_FILE = YES;
				INFOPLIST_FILE = RobohashPicker/Info.plist;
				INFOPLIST_KEY_NSPhotoLibraryAddUsageDescription = "Allow RobohashPicker save generated images to your photo library";
				INFOPLIST_KEY_UIApplicationSupportsIndirectInputEvents = YES;
				INFOPLIST_KEY_UILaunchStoryboardName = LaunchScreen;
				INFOPLIST_KEY_UIMainStoryboardFile = Main;
				INFOPLIST_KEY_UISupportedInterfaceOrientations_iPad = "UIInterfaceOrientationPortrait UIInterfaceOrientationPortraitUpsideDown UIInterfaceOrientationLandscapeLeft UIInterfaceOrientationLandscapeRight";
				INFOPLIST_KEY_UISupportedInterfaceOrientations_iPhone = "UIInterfaceOrientationPortrait UIInterfaceOrientationLandscapeLeft UIInterfaceOrientationLandscapeRight";
				LD_RUNPATH_SEARCH_PATHS = (
					"$(inherited)",
					"@executable_path/Frameworks",
				);
				MARKETING_VERSION = 1.0;
				PRODUCT_BUNDLE_IDENTIFIER = com.julia.RobohashPicker;
				PRODUCT_NAME = "$(TARGET_NAME)";
				SWIFT_EMIT_LOC_STRINGS = YES;
				SWIFT_VERSION = 5.0;
				TARGETED_DEVICE_FAMILY = "1,2";
			};
			name = Debug;
		};
		A3B54AD92C73846300BCBCF2 /* Release */ = {
			isa = XCBuildConfiguration;
			buildSettings = {
				ASSETCATALOG_COMPILER_APPICON_NAME = AppIcon;
				ASSETCATALOG_COMPILER_GLOBAL_ACCENT_COLOR_NAME = AccentColor;
				CODE_SIGN_STYLE = Automatic;
				CURRENT_PROJECT_VERSION = 1;
				GENERATE_INFOPLIST_FILE = YES;
				INFOPLIST_FILE = RobohashPicker/Info.plist;
				INFOPLIST_KEY_NSPhotoLibraryAddUsageDescription = "Allow RobohashPicker save generated images to your photo library";
				INFOPLIST_KEY_UIApplicationSupportsIndirectInputEvents = YES;
				INFOPLIST_KEY_UILaunchStoryboardName = LaunchScreen;
				INFOPLIST_KEY_UIMainStoryboardFile = Main;
				INFOPLIST_KEY_UISupportedInterfaceOrientations_iPad = "UIInterfaceOrientationPortrait UIInterfaceOrientationPortraitUpsideDown UIInterfaceOrientationLandscapeLeft UIInterfaceOrientationLandscapeRight";
				INFOPLIST_KEY_UISupportedInterfaceOrientations_iPhone = "UIInterfaceOrientationPortrait UIInterfaceOrientationLandscapeLeft UIInterfaceOrientationLandscapeRight";
				LD_RUNPATH_SEARCH_PATHS = (
					"$(inherited)",
					"@executable_path/Frameworks",
				);
				MARKETING_VERSION = 1.0;
				PRODUCT_BUNDLE_IDENTIFIER = com.julia.RobohashPicker;
				PRODUCT_NAME = "$(TARGET_NAME)";
				SWIFT_EMIT_LOC_STRINGS = YES;
				SWIFT_VERSION = 5.0;
				TARGETED_DEVICE_FAMILY = "1,2";
			};
			name = Release;
		};
/* End XCBuildConfiguration section */

/* Begin XCConfigurationList section */
		A3B54ABE2C73846200BCBCF2 /* Build configuration list for PBXProject "RobohashPicker" */ = {
			isa = XCConfigurationList;
			buildConfigurations = (
				A3B54AD52C73846300BCBCF2 /* Debug */,
				A3B54AD62C73846300BCBCF2 /* Release */,
			);
			defaultConfigurationIsVisible = 0;
			defaultConfigurationName = Release;
		};
		A3B54AD72C73846300BCBCF2 /* Build configuration list for PBXNativeTarget "RobohashPicker" */ = {
			isa = XCConfigurationList;
			buildConfigurations = (
				A3B54AD82C73846300BCBCF2 /* Debug */,
				A3B54AD92C73846300BCBCF2 /* Release */,
			);
			defaultConfigurationIsVisible = 0;
			defaultConfigurationName = Release;
		};
/* End XCConfigurationList section */

/* Begin XCRemoteSwiftPackageReference section */
		A3B54ADE2C73886B00BCBCF2 /* XCRemoteSwiftPackageReference "SnapKit" */ = {
			isa = XCRemoteSwiftPackageReference;
			repositoryURL = "https://github.com/SnapKit/SnapKit";
			requirement = {
				kind = upToNextMajorVersion;
				minimumVersion = 5.7.1;
			};
		};
/* End XCRemoteSwiftPackageReference section */

/* Begin XCSwiftPackageProductDependency section */
		A3B54ADF2C73886B00BCBCF2 /* SnapKit */ = {
			isa = XCSwiftPackageProductDependency;
			package = A3B54ADE2C73886B00BCBCF2 /* XCRemoteSwiftPackageReference "SnapKit" */;
			productName = SnapKit;
		};
/* End XCSwiftPackageProductDependency section */
	};
	rootObject = A3B54ABB2C73846200BCBCF2 /* Project object */;
}
